
Microsoft Visual Studio Solution File, Format Version 12.00
# Visual Studio 15
VisualStudioVersion = 15.0.27703.2026
MinimumVisualStudioVersion = 10.0.40219.1
Project("{FAE04EC0-301F-11D3-BF4B-00C04F79EFBC}") = "Clinica_Evaluacion", "Clinica_Evaluacion\Clinica_Evaluacion.csproj", "{A5A8666F-9B17-48D2-B0D3-E5987C33FD76}"
EndProject
Global
	GlobalSection(SolutionConfigurationPlatforms) = preSolution
		Debug|Any CPU = Debug|Any CPU
		Release|Any CPU = Release|Any CPU
	EndGlobalSection
	GlobalSection(ProjectConfigurationPlatforms) = postSolution
		{A5A8666F-9B17-48D2-B0D3-E5987C33FD76}.Debug|Any CPU.ActiveCfg = Debug|Any CPU
		{A5A8666F-9B17-48D2-B0D3-E5987C33FD76}.Debug|Any CPU.Build.0 = Debug|Any CPU
		{A5A8666F-9B17-48D2-B0D3-E5987C33FD76}.Release|Any CPU.ActiveCfg = Release|Any CPU
		{A5A8666F-9B17-48D2-B0D3-E5987C33FD76}.Release|Any CPU.Build.0 = Release|Any CPU
	EndGlobalSection
	GlobalSection(SolutionProperties) = preSolution
		HideSolutionNode = FALSE
	EndGlobalSection
	GlobalSection(ExtensibilityGlobals) = postSolution
		SolutionGuid = {33A1BEEE-660A-4B4F-BEE5-EADE1F117669}
	EndGlobalSection
EndGlobal
